
Microsoft Visual Studio Solution File, Format Version 12.00
# Visual Studio 14
VisualStudioVersion = 14.0.25420.1
MinimumVisualStudioVersion = 10.0.40219.1
Project("{FAE04EC0-301F-11D3-BF4B-00C04F79EFBC}") = "DesktopToastsSample", "DesktopToastsSample.csproj", "{5DC8BE95-8440-4187-839E-43E1426D5B7F}"
EndProject
Project("{930C7802-8A8C-48F9-8165-68863BCCD9DD}") = "SetupProject1", "..\SetupProject1\SetupProject1.wixproj", "{16E4B9EA-7DE6-4A43-8922-17D4C859CAD2}"
EndProject
Global
	GlobalSection(SolutionConfigurationPlatforms) = preSolution
		Debug|Any CPU = Debug|Any CPU
		Debug|x64 = Debug|x64
		Debug|x86 = Debug|x86
		Release|Any CPU = Release|Any CPU
		Release|x64 = Release|x64
		Release|x86 = Release|x86
	EndGlobalSection
	GlobalSection(ProjectConfigurationPlatforms) = postSolution
		{5DC8BE95-8440-4187-839E-43E1426D5B7F}.Debug|Any CPU.ActiveCfg = Debug|x64
		{5DC8BE95-8440-4187-839E-43E1426D5B7F}.Debug|Any CPU.Build.0 = Debug|x64
		{5DC8BE95-8440-4187-839E-43E1426D5B7F}.Debug|x64.ActiveCfg = Debug|x64
		{5DC8BE95-8440-4187-839E-43E1426D5B7F}.Debug|x64.Build.0 = Debug|x64
		{5DC8BE95-8440-4187-839E-43E1426D5B7F}.Debug|x86.ActiveCfg = Debug|Any CPU
		{5DC8BE95-8440-4187-839E-43E1426D5B7F}.Debug|x86.Build.0 = Debug|Any CPU
		{5DC8BE95-8440-4187-839E-43E1426D5B7F}.Release|Any CPU.ActiveCfg = Release|Any CPU
		{5DC8BE95-8440-4187-839E-43E1426D5B7F}.Release|Any CPU.Build.0 = Release|Any CPU
		{5DC8BE95-8440-4187-839E-43E1426D5B7F}.Release|x64.ActiveCfg = Release|x64
		{5DC8BE95-8440-4187-839E-43E1426D5B7F}.Release|x64.Build.0 = Release|x64
		{5DC8BE95-8440-4187-839E-43E1426D5B7F}.Release|x86.ActiveCfg = Release|Any CPU
		{5DC8BE95-8440-4187-839E-43E1426D5B7F}.Release|x86.Build.0 = Release|Any CPU
		{16E4B9EA-7DE6-4A43-8922-17D4C859CAD2}.Debug|Any CPU.ActiveCfg = Debug|x86
		{16E4B9EA-7DE6-4A43-8922-17D4C859CAD2}.Debug|x64.ActiveCfg = Debug|x86
		{16E4B9EA-7DE6-4A43-8922-17D4C859CAD2}.Debug|x86.ActiveCfg = Debug|x86
		{16E4B9EA-7DE6-4A43-8922-17D4C859CAD2}.Debug|x86.Build.0 = Debug|x86
		{16E4B9EA-7DE6-4A43-8922-17D4C859CAD2}.Release|Any CPU.ActiveCfg = Release|x86
		{16E4B9EA-7DE6-4A43-8922-17D4C859CAD2}.Release|x64.ActiveCfg = Release|x86
		{16E4B9EA-7DE6-4A43-8922-17D4C859CAD2}.Release|x86.ActiveCfg = Release|x86
		{16E4B9EA-7DE6-4A43-8922-17D4C859CAD2}.Release|x86.Build.0 = Release|x86
	EndGlobalSection
	GlobalSection(SolutionProperties) = preSolution
		HideSolutionNode = FALSE
	EndGlobalSection
EndGlobal
